{
  "pins" : [
    {
      "identity" : "pinlayout",
      "kind" : "remoteSourceControl",
      "location" : "https://github.com/layoutBox/PinLayout.git",
      "state" : {
        "branch" : "master",
        "revision" : "ce929a6ecdc6701adee9bdf9d949e0036f567ca7"
      }
    }
  ],
  "version" : 2
}
